
Microsoft Visual Studio Solution File, Format Version 12.00
# Visual Studio 15
VisualStudioVersion = 15.0.27703.2035
MinimumVisualStudioVersion = 10.0.40219.1
Project("{8BC9CEB8-8B4A-11D0-8D11-00A0C91BC942}") = "Editing_distance", "Editing_distance\Editing_distance.vcxproj", "{998CA2F1-D1DA-40AA-BA03-CB0AA6ADCEC5}"
EndProject
Global
	GlobalSection(SolutionConfigurationPlatforms) = preSolution
		Debug|x64 = Debug|x64
		Debug|x86 = Debug|x86
		Release|x64 = Release|x64
		Release|x86 = Release|x86
	EndGlobalSection
	GlobalSection(ProjectConfigurationPlatforms) = postSolution
		{998CA2F1-D1DA-40AA-BA03-CB0AA6ADCEC5}.Debug|x64.ActiveCfg = Debug|x64
		{998CA2F1-D1DA-40AA-BA03-CB0AA6ADCEC5}.Debug|x64.Build.0 = Debug|x64
		{998CA2F1-D1DA-40AA-BA03-CB0AA6ADCEC5}.Debug|x86.ActiveCfg = Debug|Win32
		{998CA2F1-D1DA-40AA-BA03-CB0AA6ADCEC5}.Debug|x86.Build.0 = Debug|Win32
		{998CA2F1-D1DA-40AA-BA03-CB0AA6ADCEC5}.Release|x64.ActiveCfg = Release|x64
		{998CA2F1-D1DA-40AA-BA03-CB0AA6ADCEC5}.Release|x64.Build.0 = Release|x64
		{998CA2F1-D1DA-40AA-BA03-CB0AA6ADCEC5}.Release|x86.ActiveCfg = Release|Win32
		{998CA2F1-D1DA-40AA-BA03-CB0AA6ADCEC5}.Release|x86.Build.0 = Release|Win32
	EndGlobalSection
	GlobalSection(SolutionProperties) = preSolution
		HideSolutionNode = FALSE
	EndGlobalSection
	GlobalSection(ExtensibilityGlobals) = postSolution
		SolutionGuid = {4022ED64-9950-4922-9349-FC72105BD2B4}
	EndGlobalSection
EndGlobal
